
Microsoft Visual Studio Solution File, Format Version 12.00
# Visual Studio Version 17
VisualStudioVersion = 17.13.35818.85 d17.13
MinimumVisualStudioVersion = 10.0.40219.1
Project("{FAE04EC0-301F-11D3-BF4B-00C04F79EFBC}") = "TodayTask(3.5)", "TodayTask(3.5)\TodayTask(3.5).csproj", "{B2153696-FF90-4EFB-88A3-9A9505B85B83}"
EndProject
Global
	GlobalSection(SolutionConfigurationPlatforms) = preSolution
		Debug|Any CPU = Debug|Any CPU
		Release|Any CPU = Release|Any CPU
	EndGlobalSection
	GlobalSection(ProjectConfigurationPlatforms) = postSolution
		{B2153696-FF90-4EFB-88A3-9A9505B85B83}.Debug|Any CPU.ActiveCfg = Debug|Any CPU
		{B2153696-FF90-4EFB-88A3-9A9505B85B83}.Debug|Any CPU.Build.0 = Debug|Any CPU
		{B2153696-FF90-4EFB-88A3-9A9505B85B83}.Release|Any CPU.ActiveCfg = Release|Any CPU
		{B2153696-FF90-4EFB-88A3-9A9505B85B83}.Release|Any CPU.Build.0 = Release|Any CPU
	EndGlobalSection
	GlobalSection(SolutionProperties) = preSolution
		HideSolutionNode = FALSE
	EndGlobalSection
	GlobalSection(ExtensibilityGlobals) = postSolution
		SolutionGuid = {73E350F3-E4D6-4FA2-B903-08015FC8271D}
	EndGlobalSection
EndGlobal
