
Microsoft Visual Studio Solution File, Format Version 12.00
# Visual Studio Version 17
VisualStudioVersion = 17.13.35818.85 d17.13
MinimumVisualStudioVersion = 10.0.40219.1
Project("{FAE04EC0-301F-11D3-BF4B-00C04F79EFBC}") = "Action", "Action\Action.csproj", "{EE87551D-A685-44B2-A00A-B08D173704F1}"
EndProject
Global
	GlobalSection(SolutionConfigurationPlatforms) = preSolution
		Debug|Any CPU = Debug|Any CPU
		Release|Any CPU = Release|Any CPU
	EndGlobalSection
	GlobalSection(ProjectConfigurationPlatforms) = postSolution
		{EE87551D-A685-44B2-A00A-B08D173704F1}.Debug|Any CPU.ActiveCfg = Debug|Any CPU
		{EE87551D-A685-44B2-A00A-B08D173704F1}.Debug|Any CPU.Build.0 = Debug|Any CPU
		{EE87551D-A685-44B2-A00A-B08D173704F1}.Release|Any CPU.ActiveCfg = Release|Any CPU
		{EE87551D-A685-44B2-A00A-B08D173704F1}.Release|Any CPU.Build.0 = Release|Any CPU
	EndGlobalSection
	GlobalSection(SolutionProperties) = preSolution
		HideSolutionNode = FALSE
	EndGlobalSection
	GlobalSection(ExtensibilityGlobals) = postSolution
		SolutionGuid = {C54154B5-4C4D-4777-A57F-4DAF907472C2}
	EndGlobalSection
EndGlobal
