
Microsoft Visual Studio Solution File, Format Version 12.00
# Visual Studio Version 17
VisualStudioVersion = 17.13.35818.85 d17.13
MinimumVisualStudioVersion = 10.0.40219.1
Project("{FAE04EC0-301F-11D3-BF4B-00C04F79EFBC}") = "LikeLion3", "LikeLion3\LikeLion3.csproj", "{B96EC4CC-8C05-43D5-9902-6BC7E7178560}"
EndProject
Global
	GlobalSection(SolutionConfigurationPlatforms) = preSolution
		Debug|Any CPU = Debug|Any CPU
		Release|Any CPU = Release|Any CPU
	EndGlobalSection
	GlobalSection(ProjectConfigurationPlatforms) = postSolution
		{B96EC4CC-8C05-43D5-9902-6BC7E7178560}.Debug|Any CPU.ActiveCfg = Debug|Any CPU
		{B96EC4CC-8C05-43D5-9902-6BC7E7178560}.Debug|Any CPU.Build.0 = Debug|Any CPU
		{B96EC4CC-8C05-43D5-9902-6BC7E7178560}.Release|Any CPU.ActiveCfg = Release|Any CPU
		{B96EC4CC-8C05-43D5-9902-6BC7E7178560}.Release|Any CPU.Build.0 = Release|Any CPU
	EndGlobalSection
	GlobalSection(SolutionProperties) = preSolution
		HideSolutionNode = FALSE
	EndGlobalSection
	GlobalSection(ExtensibilityGlobals) = postSolution
		SolutionGuid = {5ECE8610-C384-48E9-95DB-A395B8E3D3BA}
	EndGlobalSection
EndGlobal
