
Microsoft Visual Studio Solution File, Format Version 12.00
# Visual Studio Version 17
VisualStudioVersion = 17.13.35818.85 d17.13
MinimumVisualStudioVersion = 10.0.40219.1
Project("{FAE04EC0-301F-11D3-BF4B-00C04F79EFBC}") = "Action1", "Action1\Action1.csproj", "{9C865321-4EBF-4F60-9F37-C86485E47287}"
EndProject
Global
	GlobalSection(SolutionConfigurationPlatforms) = preSolution
		Debug|Any CPU = Debug|Any CPU
		Release|Any CPU = Release|Any CPU
	EndGlobalSection
	GlobalSection(ProjectConfigurationPlatforms) = postSolution
		{9C865321-4EBF-4F60-9F37-C86485E47287}.Debug|Any CPU.ActiveCfg = Debug|Any CPU
		{9C865321-4EBF-4F60-9F37-C86485E47287}.Debug|Any CPU.Build.0 = Debug|Any CPU
		{9C865321-4EBF-4F60-9F37-C86485E47287}.Release|Any CPU.ActiveCfg = Release|Any CPU
		{9C865321-4EBF-4F60-9F37-C86485E47287}.Release|Any CPU.Build.0 = Release|Any CPU
	EndGlobalSection
	GlobalSection(SolutionProperties) = preSolution
		HideSolutionNode = FALSE
	EndGlobalSection
	GlobalSection(ExtensibilityGlobals) = postSolution
		SolutionGuid = {776494C8-A726-4F23-83CF-7F0FFCE813BF}
	EndGlobalSection
EndGlobal
