
Microsoft Visual Studio Solution File, Format Version 12.00
# Visual Studio Version 17
VisualStudioVersion = 17.13.35818.85 d17.13
MinimumVisualStudioVersion = 10.0.40219.1
Project("{FAE04EC0-301F-11D3-BF4B-00C04F79EFBC}") = "study27", "study27\study27.csproj", "{472843A3-8427-4D61-8164-5EA3A18B5147}"
EndProject
Global
	GlobalSection(SolutionConfigurationPlatforms) = preSolution
		Debug|Any CPU = Debug|Any CPU
		Release|Any CPU = Release|Any CPU
	EndGlobalSection
	GlobalSection(ProjectConfigurationPlatforms) = postSolution
		{472843A3-8427-4D61-8164-5EA3A18B5147}.Debug|Any CPU.ActiveCfg = Debug|Any CPU
		{472843A3-8427-4D61-8164-5EA3A18B5147}.Debug|Any CPU.Build.0 = Debug|Any CPU
		{472843A3-8427-4D61-8164-5EA3A18B5147}.Release|Any CPU.ActiveCfg = Release|Any CPU
		{472843A3-8427-4D61-8164-5EA3A18B5147}.Release|Any CPU.Build.0 = Release|Any CPU
	EndGlobalSection
	GlobalSection(SolutionProperties) = preSolution
		HideSolutionNode = FALSE
	EndGlobalSection
	GlobalSection(ExtensibilityGlobals) = postSolution
		SolutionGuid = {A7BB3A0B-F7C4-4C3D-A334-3013AD9508AF}
	EndGlobalSection
EndGlobal
