
Microsoft Visual Studio Solution File, Format Version 12.00
# Visual Studio Version 17
VisualStudioVersion = 17.13.35818.85 d17.13
MinimumVisualStudioVersion = 10.0.40219.1
Project("{FAE04EC0-301F-11D3-BF4B-00C04F79EFBC}") = "study35", "study35\study35.csproj", "{0E231CAB-D886-4829-8641-732F5AF39323}"
EndProject
Global
	GlobalSection(SolutionConfigurationPlatforms) = preSolution
		Debug|Any CPU = Debug|Any CPU
		Release|Any CPU = Release|Any CPU
	EndGlobalSection
	GlobalSection(ProjectConfigurationPlatforms) = postSolution
		{0E231CAB-D886-4829-8641-732F5AF39323}.Debug|Any CPU.ActiveCfg = Debug|Any CPU
		{0E231CAB-D886-4829-8641-732F5AF39323}.Debug|Any CPU.Build.0 = Debug|Any CPU
		{0E231CAB-D886-4829-8641-732F5AF39323}.Release|Any CPU.ActiveCfg = Release|Any CPU
		{0E231CAB-D886-4829-8641-732F5AF39323}.Release|Any CPU.Build.0 = Release|Any CPU
	EndGlobalSection
	GlobalSection(SolutionProperties) = preSolution
		HideSolutionNode = FALSE
	EndGlobalSection
	GlobalSection(ExtensibilityGlobals) = postSolution
		SolutionGuid = {AF6AED76-4253-444C-9DFB-91C2A96C8A43}
	EndGlobalSection
EndGlobal
