
Microsoft Visual Studio Solution File, Format Version 12.00
# Visual Studio Version 17
VisualStudioVersion = 17.13.35818.85 d17.13
MinimumVisualStudioVersion = 10.0.40219.1
Project("{FAE04EC0-301F-11D3-BF4B-00C04F79EFBC}") = "Bingo", "Bingo\Bingo.csproj", "{5229EC48-BC6B-41F6-8421-1652792BBF11}"
EndProject
Global
	GlobalSection(SolutionConfigurationPlatforms) = preSolution
		Debug|Any CPU = Debug|Any CPU
		Release|Any CPU = Release|Any CPU
	EndGlobalSection
	GlobalSection(ProjectConfigurationPlatforms) = postSolution
		{5229EC48-BC6B-41F6-8421-1652792BBF11}.Debug|Any CPU.ActiveCfg = Debug|Any CPU
		{5229EC48-BC6B-41F6-8421-1652792BBF11}.Debug|Any CPU.Build.0 = Debug|Any CPU
		{5229EC48-BC6B-41F6-8421-1652792BBF11}.Release|Any CPU.ActiveCfg = Release|Any CPU
		{5229EC48-BC6B-41F6-8421-1652792BBF11}.Release|Any CPU.Build.0 = Release|Any CPU
	EndGlobalSection
	GlobalSection(SolutionProperties) = preSolution
		HideSolutionNode = FALSE
	EndGlobalSection
	GlobalSection(ExtensibilityGlobals) = postSolution
		SolutionGuid = {A82D99A6-F831-4CE8-A7D8-55F2D46DB11B}
	EndGlobalSection
EndGlobal
