
Microsoft Visual Studio Solution File, Format Version 12.00
# Visual Studio Version 17
VisualStudioVersion = 17.13.35818.85 d17.13
MinimumVisualStudioVersion = 10.0.40219.1
Project("{FAE04EC0-301F-11D3-BF4B-00C04F79EFBC}") = "study43", "study43\study43.csproj", "{DC6B8E4E-1D95-4F5C-B3B2-49BC1A82B7BC}"
EndProject
Global
	GlobalSection(SolutionConfigurationPlatforms) = preSolution
		Debug|Any CPU = Debug|Any CPU
		Release|Any CPU = Release|Any CPU
	EndGlobalSection
	GlobalSection(ProjectConfigurationPlatforms) = postSolution
		{DC6B8E4E-1D95-4F5C-B3B2-49BC1A82B7BC}.Debug|Any CPU.ActiveCfg = Debug|Any CPU
		{DC6B8E4E-1D95-4F5C-B3B2-49BC1A82B7BC}.Debug|Any CPU.Build.0 = Debug|Any CPU
		{DC6B8E4E-1D95-4F5C-B3B2-49BC1A82B7BC}.Release|Any CPU.ActiveCfg = Release|Any CPU
		{DC6B8E4E-1D95-4F5C-B3B2-49BC1A82B7BC}.Release|Any CPU.Build.0 = Release|Any CPU
	EndGlobalSection
	GlobalSection(SolutionProperties) = preSolution
		HideSolutionNode = FALSE
	EndGlobalSection
	GlobalSection(ExtensibilityGlobals) = postSolution
		SolutionGuid = {DAC2C68B-3151-44B9-901E-C506815C31D2}
	EndGlobalSection
EndGlobal
