
Microsoft Visual Studio Solution File, Format Version 12.00
# Visual Studio Version 17
VisualStudioVersion = 17.13.35818.85 d17.13
MinimumVisualStudioVersion = 10.0.40219.1
Project("{FAE04EC0-301F-11D3-BF4B-00C04F79EFBC}") = "ShootingGame", "ShootingGame\ShootingGame.csproj", "{68AC8D8A-0651-4200-9AE3-6BDD016BBCA0}"
EndProject
Global
	GlobalSection(SolutionConfigurationPlatforms) = preSolution
		Debug|Any CPU = Debug|Any CPU
		Release|Any CPU = Release|Any CPU
	EndGlobalSection
	GlobalSection(ProjectConfigurationPlatforms) = postSolution
		{68AC8D8A-0651-4200-9AE3-6BDD016BBCA0}.Debug|Any CPU.ActiveCfg = Debug|Any CPU
		{68AC8D8A-0651-4200-9AE3-6BDD016BBCA0}.Debug|Any CPU.Build.0 = Debug|Any CPU
		{68AC8D8A-0651-4200-9AE3-6BDD016BBCA0}.Release|Any CPU.ActiveCfg = Release|Any CPU
		{68AC8D8A-0651-4200-9AE3-6BDD016BBCA0}.Release|Any CPU.Build.0 = Release|Any CPU
	EndGlobalSection
	GlobalSection(SolutionProperties) = preSolution
		HideSolutionNode = FALSE
	EndGlobalSection
	GlobalSection(ExtensibilityGlobals) = postSolution
		SolutionGuid = {2B48934F-D723-4AC0-9864-0D6645ECAB29}
	EndGlobalSection
EndGlobal
