
Microsoft Visual Studio Solution File, Format Version 12.00
# Visual Studio Version 17
VisualStudioVersion = 17.13.35818.85 d17.13
MinimumVisualStudioVersion = 10.0.40219.1
Project("{FAE04EC0-301F-11D3-BF4B-00C04F79EFBC}") = "study39", "study39\study39.csproj", "{E7223CBF-39B5-408A-AE88-08F056D9092B}"
EndProject
Global
	GlobalSection(SolutionConfigurationPlatforms) = preSolution
		Debug|Any CPU = Debug|Any CPU
		Release|Any CPU = Release|Any CPU
	EndGlobalSection
	GlobalSection(ProjectConfigurationPlatforms) = postSolution
		{E7223CBF-39B5-408A-AE88-08F056D9092B}.Debug|Any CPU.ActiveCfg = Debug|Any CPU
		{E7223CBF-39B5-408A-AE88-08F056D9092B}.Debug|Any CPU.Build.0 = Debug|Any CPU
		{E7223CBF-39B5-408A-AE88-08F056D9092B}.Release|Any CPU.ActiveCfg = Release|Any CPU
		{E7223CBF-39B5-408A-AE88-08F056D9092B}.Release|Any CPU.Build.0 = Release|Any CPU
	EndGlobalSection
	GlobalSection(SolutionProperties) = preSolution
		HideSolutionNode = FALSE
	EndGlobalSection
	GlobalSection(ExtensibilityGlobals) = postSolution
		SolutionGuid = {A829E4D3-FDDD-4446-96CD-60F11FB7197E}
	EndGlobalSection
EndGlobal
