
Microsoft Visual Studio Solution File, Format Version 12.00
# Visual Studio Version 17
VisualStudioVersion = 17.13.35818.85 d17.13
MinimumVisualStudioVersion = 10.0.40219.1
Project("{FAE04EC0-301F-11D3-BF4B-00C04F79EFBC}") = "Study11", "Study11\Study11.csproj", "{580BCA73-6053-4A48-890C-1AE98014B721}"
EndProject
Global
	GlobalSection(SolutionConfigurationPlatforms) = preSolution
		Debug|Any CPU = Debug|Any CPU
		Release|Any CPU = Release|Any CPU
	EndGlobalSection
	GlobalSection(ProjectConfigurationPlatforms) = postSolution
		{580BCA73-6053-4A48-890C-1AE98014B721}.Debug|Any CPU.ActiveCfg = Debug|Any CPU
		{580BCA73-6053-4A48-890C-1AE98014B721}.Debug|Any CPU.Build.0 = Debug|Any CPU
		{580BCA73-6053-4A48-890C-1AE98014B721}.Release|Any CPU.ActiveCfg = Release|Any CPU
		{580BCA73-6053-4A48-890C-1AE98014B721}.Release|Any CPU.Build.0 = Release|Any CPU
	EndGlobalSection
	GlobalSection(SolutionProperties) = preSolution
		HideSolutionNode = FALSE
	EndGlobalSection
	GlobalSection(ExtensibilityGlobals) = postSolution
		SolutionGuid = {FF34798E-09FB-43F9-987C-CE3373BEDAC8}
	EndGlobalSection
EndGlobal
